
Microsoft Visual Studio Solution File, Format Version 12.00
# Visual Studio Version 16
VisualStudioVersion = 16.0.34601.136
MinimumVisualStudioVersion = 10.0.40219.1
Project("{FAE04EC0-301F-11D3-BF4B-00C04F79EFBC}") = "ConsoleApp1", "ConsoleApp1\ConsoleApp1.csproj", "{06E1AC6E-3BB1-4EEF-83E7-2EDB1DEBA261}"
EndProject
Project("{FAE04EC0-301F-11D3-BF4B-00C04F79EFBC}") = "Nums1To10", "Nums1To10\Nums1To10.csproj", "{48D2E11F-C833-403D-9A8C-AAAD68B54E72}"
EndProject
Project("{FAE04EC0-301F-11D3-BF4B-00C04F79EFBC}") = "04InchesToCentimeters", "04InchesToCentimeters\04InchesToCentimeters.csproj", "{A981D0D5-914F-4FF3-B1B6-465A450E5DE1}"
EndProject
Project("{FAE04EC0-301F-11D3-BF4B-00C04F79EFBC}") = "05GreetingByName", "05GreetingByName\05GreetingByName.csproj", "{AD628A41-5084-4388-9D4E-2C0D415C73C3}"
EndProject
Project("{FAE04EC0-301F-11D3-BF4B-00C04F79EFBC}") = "06ConcatenateData", "06ConcatenateData\06ConcatenateData.csproj", "{5A93341F-6254-47F0-A6AF-9EF36FBCD8A8}"
EndProject
Project("{FAE04EC0-301F-11D3-BF4B-00C04F79EFBC}") = "07ProjectsCreation", "07ProjectsCreation\07ProjectsCreation.csproj", "{F61E53C4-283D-44D4-AEE1-D0FE523081D6}"
EndProject
Project("{FAE04EC0-301F-11D3-BF4B-00C04F79EFBC}") = "08PetShop", "08PetShop\08PetShop.csproj", "{F772ABAC-7C0F-4955-BA5A-C10738A237B5}"
EndProject
Project("{FAE04EC0-301F-11D3-BF4B-00C04F79EFBC}") = "09YardGreening", "09YardGreening\09YardGreening.csproj", "{547DACB8-99F3-481F-9A38-15624358C1C2}"
EndProject
Project("{FAE04EC0-301F-11D3-BF4B-00C04F79EFBC}") = "03RectangleArea", "03RectangleArea\03RectangleArea.csproj", "{F9F909D4-0A60-44A8-AB22-029084ABCC6B}"
EndProject
Global
	GlobalSection(SolutionConfigurationPlatforms) = preSolution
		Debug|Any CPU = Debug|Any CPU
		Release|Any CPU = Release|Any CPU
	EndGlobalSection
	GlobalSection(ProjectConfigurationPlatforms) = postSolution
		{06E1AC6E-3BB1-4EEF-83E7-2EDB1DEBA261}.Debug|Any CPU.ActiveCfg = Debug|Any CPU
		{06E1AC6E-3BB1-4EEF-83E7-2EDB1DEBA261}.Debug|Any CPU.Build.0 = Debug|Any CPU
		{06E1AC6E-3BB1-4EEF-83E7-2EDB1DEBA261}.Release|Any CPU.ActiveCfg = Release|Any CPU
		{06E1AC6E-3BB1-4EEF-83E7-2EDB1DEBA261}.Release|Any CPU.Build.0 = Release|Any CPU
		{48D2E11F-C833-403D-9A8C-AAAD68B54E72}.Debug|Any CPU.ActiveCfg = Debug|Any CPU
		{48D2E11F-C833-403D-9A8C-AAAD68B54E72}.Debug|Any CPU.Build.0 = Debug|Any CPU
		{48D2E11F-C833-403D-9A8C-AAAD68B54E72}.Release|Any CPU.ActiveCfg = Release|Any CPU
		{48D2E11F-C833-403D-9A8C-AAAD68B54E72}.Release|Any CPU.Build.0 = Release|Any CPU
		{A981D0D5-914F-4FF3-B1B6-465A450E5DE1}.Debug|Any CPU.ActiveCfg = Debug|Any CPU
		{A981D0D5-914F-4FF3-B1B6-465A450E5DE1}.Debug|Any CPU.Build.0 = Debug|Any CPU
		{A981D0D5-914F-4FF3-B1B6-465A450E5DE1}.Release|Any CPU.ActiveCfg = Release|Any CPU
		{A981D0D5-914F-4FF3-B1B6-465A450E5DE1}.Release|Any CPU.Build.0 = Release|Any CPU
		{AD628A41-5084-4388-9D4E-2C0D415C73C3}.Debug|Any CPU.ActiveCfg = Debug|Any CPU
		{AD628A41-5084-4388-9D4E-2C0D415C73C3}.Debug|Any CPU.Build.0 = Debug|Any CPU
		{AD628A41-5084-4388-9D4E-2C0D415C73C3}.Release|Any CPU.ActiveCfg = Release|Any CPU
		{AD628A41-5084-4388-9D4E-2C0D415C73C3}.Release|Any CPU.Build.0 = Release|Any CPU
		{5A93341F-6254-47F0-A6AF-9EF36FBCD8A8}.Debug|Any CPU.ActiveCfg = Debug|Any CPU
		{5A93341F-6254-47F0-A6AF-9EF36FBCD8A8}.Debug|Any CPU.Build.0 = Debug|Any CPU
		{5A93341F-6254-47F0-A6AF-9EF36FBCD8A8}.Release|Any CPU.ActiveCfg = Release|Any CPU
		{5A93341F-6254-47F0-A6AF-9EF36FBCD8A8}.Release|Any CPU.Build.0 = Release|Any CPU
		{F61E53C4-283D-44D4-AEE1-D0FE523081D6}.Debug|Any CPU.ActiveCfg = Debug|Any CPU
		{F61E53C4-283D-44D4-AEE1-D0FE523081D6}.Debug|Any CPU.Build.0 = Debug|Any CPU
		{F61E53C4-283D-44D4-AEE1-D0FE523081D6}.Release|Any CPU.ActiveCfg = Release|Any CPU
		{F61E53C4-283D-44D4-AEE1-D0FE523081D6}.Release|Any CPU.Build.0 = Release|Any CPU
		{F772ABAC-7C0F-4955-BA5A-C10738A237B5}.Debug|Any CPU.ActiveCfg = Debug|Any CPU
		{F772ABAC-7C0F-4955-BA5A-C10738A237B5}.Debug|Any CPU.Build.0 = Debug|Any CPU
		{F772ABAC-7C0F-4955-BA5A-C10738A237B5}.Release|Any CPU.ActiveCfg = Release|Any CPU
		{F772ABAC-7C0F-4955-BA5A-C10738A237B5}.Release|Any CPU.Build.0 = Release|Any CPU
		{547DACB8-99F3-481F-9A38-15624358C1C2}.Debug|Any CPU.ActiveCfg = Debug|Any CPU
		{547DACB8-99F3-481F-9A38-15624358C1C2}.Debug|Any CPU.Build.0 = Debug|Any CPU
		{547DACB8-99F3-481F-9A38-15624358C1C2}.Release|Any CPU.ActiveCfg = Release|Any CPU
		{547DACB8-99F3-481F-9A38-15624358C1C2}.Release|Any CPU.Build.0 = Release|Any CPU
		{F9F909D4-0A60-44A8-AB22-029084ABCC6B}.Debug|Any CPU.ActiveCfg = Debug|Any CPU
		{F9F909D4-0A60-44A8-AB22-029084ABCC6B}.Debug|Any CPU.Build.0 = Debug|Any CPU
		{F9F909D4-0A60-44A8-AB22-029084ABCC6B}.Release|Any CPU.ActiveCfg = Release|Any CPU
		{F9F909D4-0A60-44A8-AB22-029084ABCC6B}.Release|Any CPU.Build.0 = Release|Any CPU
	EndGlobalSection
	GlobalSection(SolutionProperties) = preSolution
		HideSolutionNode = FALSE
	EndGlobalSection
	GlobalSection(ExtensibilityGlobals) = postSolution
		SolutionGuid = {C7EDFB67-9374-4BCA-A7FE-B1BD6A9ED383}
	EndGlobalSection
EndGlobal
